dependencies:
- name: common
  repository: file://charts/common
  version: 0.0.20
- name: kube-state-metrics
  repository: https://prometheus-community.github.io/helm-charts
  version: 5.27.0
- name: victoria-metrics-operator
  repository: https://victoriametrics.github.io/helm-charts
  version: 0.43.0
- name: pmm
  repository: https://percona.github.io/percona-helm-charts
  version: 1.3.21
- name: pmm3
  repository: file://charts/pmm3
  version: 0.0.1
- name: everest-crds
  repository: file://charts/everest-crds
  version: 1.14.0
digest: sha256:8bfb07f789fe4bda1999519f97095bd2ea78d2fed1eab7eca1170254e88eefd2
generated: "2026-05-22T15:04:15.245748343+01:00"
