dependencies:
- name: common
  repository: file://charts/common
  version: 0.0.20
- name: kube-state-metrics
  repository: https://prometheus-community.github.io/helm-charts
  version: 5.27.0
- name: victoria-metrics-operator
  repository: https://victoriametrics.github.io/helm-charts
  version: 0.43.0
- name: pmm
  repository: https://percona.github.io/percona-helm-charts
  version: 1.3.21
- name: pmm3
  repository: file://charts/pmm3
  version: 0.0.1
- name: everest-crds
  repository: file://charts/everest-crds
  version: 2.0.0-dev.2
- name: plugin-hub
  repository: oci://ghcr.io/openeverest/charts
  version: 0.1.16
digest: sha256:c618c1a29b061f8258a067672e043b7f31392685fe57e08f4d8e46b919835643
generated: "2026-10-07T18:02:58.681078+03:00"
